
Microsoft Visual Studio Solution File, Format Version 12.00
# Visual Studio Version 17
VisualStudioVersion = 17.6.33723.286
MinimumVisualStudioVersion = 10.0.40219.1
Project("{FAE04EC0-301F-11D3-BF4B-00C04F79EFBC}") = "Student", "Student\Student.csproj", "{1EE6300B-CB5D-4A00-9683-BEB456E8911C}"
EndProject
Global
	GlobalSection(SolutionConfigurationPlatforms) = preSolution
		Debug|Any CPU = Debug|Any CPU
		Release|Any CPU = Release|Any CPU
	EndGlobalSection
	GlobalSection(ProjectConfigurationPlatforms) = postSolution
		{1EE6300B-CB5D-4A00-9683-BEB456E8911C}.Debug|Any CPU.ActiveCfg = Debug|Any CPU
		{1EE6300B-CB5D-4A00-9683-BEB456E8911C}.Debug|Any CPU.Build.0 = Debug|Any CPU
		{1EE6300B-CB5D-4A00-9683-BEB456E8911C}.Release|Any CPU.ActiveCfg = Release|Any CPU
		{1EE6300B-CB5D-4A00-9683-BEB456E8911C}.Release|Any CPU.Build.0 = Release|Any CPU
	EndGlobalSection
	GlobalSection(SolutionProperties) = preSolution
		HideSolutionNode = FALSE
	EndGlobalSection
	GlobalSection(ExtensibilityGlobals) = postSolution
		SolutionGuid = {3473E1B2-949E-4272-9B9F-41BD7EA8A1B7}
	EndGlobalSection
EndGlobal
